
Microsoft Visual Studio Solution File, Format Version 12.00
# Visual Studio Version 17
VisualStudioVersion = 17.9.34728.123
MinimumVisualStudioVersion = 10.0.40219.1
Project("{FAE04EC0-301F-11D3-BF4B-00C04F79EFBC}") = "server_side", "..\server_side\server_side.csproj", "{5363F9CD-6406-43E8-AE99-85A34269348A}"
EndProject
Project("{FAE04EC0-301F-11D3-BF4B-00C04F79EFBC}") = "client_side", "..\client_side\client_side.csproj", "{CFF87480-D9D3-455C-AD6B-4BA4112F877A}"
EndProject
Global
	GlobalSection(SolutionConfigurationPlatforms) = preSolution
		Debug|Any CPU = Debug|Any CPU
		Release|Any CPU = Release|Any CPU
	EndGlobalSection
	GlobalSection(ProjectConfigurationPlatforms) = postSolution
		{5363F9CD-6406-43E8-AE99-85A34269348A}.Debug|Any CPU.ActiveCfg = Debug|Any CPU
		{5363F9CD-6406-43E8-AE99-85A34269348A}.Debug|Any CPU.Build.0 = Debug|Any CPU
		{5363F9CD-6406-43E8-AE99-85A34269348A}.Release|Any CPU.ActiveCfg = Release|Any CPU
		{5363F9CD-6406-43E8-AE99-85A34269348A}.Release|Any CPU.Build.0 = Release|Any CPU
		{CFF87480-D9D3-455C-AD6B-4BA4112F877A}.Debug|Any CPU.ActiveCfg = Debug|Any CPU
		{CFF87480-D9D3-455C-AD6B-4BA4112F877A}.Debug|Any CPU.Build.0 = Debug|Any CPU
		{CFF87480-D9D3-455C-AD6B-4BA4112F877A}.Release|Any CPU.ActiveCfg = Release|Any CPU
		{CFF87480-D9D3-455C-AD6B-4BA4112F877A}.Release|Any CPU.Build.0 = Release|Any CPU
	EndGlobalSection
	GlobalSection(SolutionProperties) = preSolution
		HideSolutionNode = FALSE
	EndGlobalSection
	GlobalSection(ExtensibilityGlobals) = postSolution
		SolutionGuid = {BF380175-4B3B-4A82-B8C7-BEBEC32FAD16}
	EndGlobalSection
EndGlobal
